
Microsoft Visual Studio Solution File, Format Version 12.00
# Visual Studio Version 16
VisualStudioVersion = 16.0.29418.71
MinimumVisualStudioVersion = 10.0.40219.1
Project("{FAE04EC0-301F-11D3-BF4B-00C04F79EFBC}") = "IntermediatePolymorphism", "IntermediatePolymorphism.csproj", "{DAE9915F-3699-4D50-9666-537B39AE4818}"
EndProject
Global
	GlobalSection(SolutionConfigurationPlatforms) = preSolution
		Debug|Any CPU = Debug|Any CPU
		Release|Any CPU = Release|Any CPU
	EndGlobalSection
	GlobalSection(ProjectConfigurationPlatforms) = postSolution
		{DAE9915F-3699-4D50-9666-537B39AE4818}.Debug|Any CPU.ActiveCfg = Debug|Any CPU
		{DAE9915F-3699-4D50-9666-537B39AE4818}.Debug|Any CPU.Build.0 = Debug|Any CPU
		{DAE9915F-3699-4D50-9666-537B39AE4818}.Release|Any CPU.ActiveCfg = Release|Any CPU
		{DAE9915F-3699-4D50-9666-537B39AE4818}.Release|Any CPU.Build.0 = Release|Any CPU
	EndGlobalSection
	GlobalSection(SolutionProperties) = preSolution
		HideSolutionNode = FALSE
	EndGlobalSection
	GlobalSection(ExtensibilityGlobals) = postSolution
		SolutionGuid = {E375630D-E974-4EFB-84EF-F4C96DD5EB91}
	EndGlobalSection
EndGlobal
