
Microsoft Visual Studio Solution File, Format Version 12.00
# Visual Studio Version 16
VisualStudioVersion = 16.0.29418.71
MinimumVisualStudioVersion = 10.0.40219.1
Project("{FAE04EC0-301F-11D3-BF4B-00C04F79EFBC}") = "SetB", "SetB.csproj", "{9428C394-CEC6-4589-8131-54EF83F6E03B}"
EndProject
Global
	GlobalSection(SolutionConfigurationPlatforms) = preSolution
		Debug|Any CPU = Debug|Any CPU
		Release|Any CPU = Release|Any CPU
	EndGlobalSection
	GlobalSection(ProjectConfigurationPlatforms) = postSolution
		{9428C394-CEC6-4589-8131-54EF83F6E03B}.Debug|Any CPU.ActiveCfg = Debug|Any CPU
		{9428C394-CEC6-4589-8131-54EF83F6E03B}.Debug|Any CPU.Build.0 = Debug|Any CPU
		{9428C394-CEC6-4589-8131-54EF83F6E03B}.Release|Any CPU.ActiveCfg = Release|Any CPU
		{9428C394-CEC6-4589-8131-54EF83F6E03B}.Release|Any CPU.Build.0 = Release|Any CPU
	EndGlobalSection
	GlobalSection(SolutionProperties) = preSolution
		HideSolutionNode = FALSE
	EndGlobalSection
	GlobalSection(ExtensibilityGlobals) = postSolution
		SolutionGuid = {2CF8F48A-956D-468D-8082-791F8797EE06}
	EndGlobalSection
EndGlobal
